
Microsoft Visual Studio Solution File, Format Version 12.00
# Visual Studio 15
Project("{FAE04EC0-301F-11D3-BF4B-00C04F79EFBC}") = "Assembly-CSharp", "Assembly-CSharp.csproj", "{4CA0FA63-3644-B822-04F8-00225E41C479}"
EndProject
Project("{FAE04EC0-301F-11D3-BF4B-00C04F79EFBC}") = "Assembly-CSharp-Editor", "Assembly-CSharp-Editor.csproj", "{6027BB21-1F14-CE12-E90A-B0F8E7CA6E20}"
EndProject
Global
	GlobalSection(SolutionConfigurationPlatforms) = preSolution
		Debug|Any CPU = Debug|Any CPU
		Release|Any CPU = Release|Any CPU
	EndGlobalSection
	GlobalSection(ProjectConfigurationPlatforms) = postSolution
		{4CA0FA63-3644-B822-04F8-00225E41C479}.Debug|Any CPU.ActiveCfg = Debug|Any CPU
		{4CA0FA63-3644-B822-04F8-00225E41C479}.Debug|Any CPU.Build.0 = Debug|Any CPU
		{4CA0FA63-3644-B822-04F8-00225E41C479}.Release|Any CPU.ActiveCfg = Release|Any CPU
		{4CA0FA63-3644-B822-04F8-00225E41C479}.Release|Any CPU.Build.0 = Release|Any CPU
		{6027BB21-1F14-CE12-E90A-B0F8E7CA6E20}.Debug|Any CPU.ActiveCfg = Debug|Any CPU
		{6027BB21-1F14-CE12-E90A-B0F8E7CA6E20}.Debug|Any CPU.Build.0 = Debug|Any CPU
		{6027BB21-1F14-CE12-E90A-B0F8E7CA6E20}.Release|Any CPU.ActiveCfg = Release|Any CPU
		{6027BB21-1F14-CE12-E90A-B0F8E7CA6E20}.Release|Any CPU.Build.0 = Release|Any CPU
	EndGlobalSection
	GlobalSection(SolutionProperties) = preSolution
		HideSolutionNode = FALSE
	EndGlobalSection
EndGlobal
